
Microsoft Visual Studio Solution File, Format Version 12.00
# Visual Studio Version 16
VisualStudioVersion = 16.0.30717.126
MinimumVisualStudioVersion = 10.0.40219.1
Project("{FAE04EC0-301F-11D3-BF4B-00C04F79EFBC}") = "ApplicationUnderTest", "ApplicationUnderTest.csproj", "{B96891C9-24CA-4627-B806-0C24C22105BE}"
EndProject
Global
	GlobalSection(SolutionConfigurationPlatforms) = preSolution
		Debug|Any CPU = Debug|Any CPU
		Release|Any CPU = Release|Any CPU
	EndGlobalSection
	GlobalSection(ProjectConfigurationPlatforms) = postSolution
		{B96891C9-24CA-4627-B806-0C24C22105BE}.Debug|Any CPU.ActiveCfg = Debug|Any CPU
		{B96891C9-24CA-4627-B806-0C24C22105BE}.Debug|Any CPU.Build.0 = Debug|Any CPU
		{B96891C9-24CA-4627-B806-0C24C22105BE}.Release|Any CPU.ActiveCfg = Release|Any CPU
		{B96891C9-24CA-4627-B806-0C24C22105BE}.Release|Any CPU.Build.0 = Release|Any CPU
	EndGlobalSection
	GlobalSection(SolutionProperties) = preSolution
		HideSolutionNode = FALSE
	EndGlobalSection
	GlobalSection(ExtensibilityGlobals) = postSolution
		SolutionGuid = {7FC3A7FC-8A37-438F-A5B6-61CA042535C7}
	EndGlobalSection
EndGlobal
